// !$*UTF8*$!
{
	archiveVersion = 1;
	classes = {
	};
	objectVersion = 50;
	objects = {

/* Begin PBXBuildFile section */
		C29365F4236E8519006B3733 /* LinkedBagClient340.cpp in Sources */ = {isa = PBXBuildFile; fileRef = C29365F3236E8519006B3733 /* LinkedBagClient340.cpp */; };
		C29365FC236E859E006B3733 /* Node.cpp in Sources */ = {isa = PBXBuildFile; fileRef = C29365FB236E859E006B3733 /* Node.cpp */; };
		C29365FF236E85BE006B3733 /* LinkedBag.cpp in Sources */ = {isa = PBXBuildFile; fileRef = C29365FD236E85BE006B3733 /* LinkedBag.cpp */; };
		C2936603236E86E7006B3733 /* LinkedBag340.cpp in Sources */ = {isa = PBXBuildFile; fileRef = C2936602236E86E7006B3733 /* LinkedBag340.cpp */; };
/* End PBXBuildFile section */

/* Begin PBXCopyFilesBuildPhase section */
		C29365EE236E8519006B3733 /* CopyFiles */ = {
			isa = PBXCopyFilesBuildPhase;
			buildActionMask = 2147483647;
			dstPath = /usr/share/man/man1/;
			dstSubfolderSpec = 0;
			files = (
			);
			runOnlyForDeploymentPostprocessing = 1;
		};
/* End PBXCopyFilesBuildPhase section */

/* Begin PBXFileReference section */
		C29365F0236E8519006B3733 /* PartC_SmartPointers */ = {isa = PBXFileReference; explicitFileType = "compiled.mach-o.executable"; includeInIndex = 0; path = PartC_SmartPointers; sourceTree = BUILT_PRODUCTS_DIR; };
		C29365F3236E8519006B3733 /* LinkedBagClient340.cpp */ = {isa = PBXFileReference; lastKnownFileType = sourcecode.cpp.cpp; path = LinkedBagClient340.cpp; sourceTree = "<group>"; };
		C29365FA236E8566006B3733 /* Node.h */ = {isa = PBXFileReference; lastKnownFileType = sourcecode.c.h; path = Node.h; sourceTree = "<group>"; };
		C29365FB236E859E006B3733 /* Node.cpp */ = {isa = PBXFileReference; lastKnownFileType = sourcecode.cpp.cpp; path = Node.cpp; sourceTree = "<group>"; };
		C29365FD236E85BE006B3733 /* LinkedBag.cpp */ = {isa = PBXFileReference; lastKnownFileType = sourcecode.cpp.cpp; path = LinkedBag.cpp; sourceTree = "<group>"; };
		C29365FE236E85BE006B3733 /* LinkedBag.h */ = {isa = PBXFileReference; lastKnownFileType = sourcecode.c.h; path = LinkedBag.h; sourceTree = "<group>"; };
		C2936600236E8696006B3733 /* BagInterface.h */ = {isa = PBXFileReference; lastKnownFileType = sourcecode.c.h; path = BagInterface.h; sourceTree = "<group>"; };
		C2936601236E86C3006B3733 /* Include.h */ = {isa = PBXFileReference; lastKnownFileType = sourcecode.c.h; path = Include.h; sourceTree = "<group>"; };
		C2936602236E86E7006B3733 /* LinkedBag340.cpp */ = {isa = PBXFileReference; lastKnownFileType = sourcecode.cpp.cpp; path = LinkedBag340.cpp; sourceTree = "<group>"; };
/* End PBXFileReference section */

/* Begin PBXFrameworksBuildPhase section */
		C29365ED236E8519006B3733 /* Frameworks */ = {
			isa = PBXFrameworksBuildPhase;
			buildActionMask = 2147483647;
			files = (
			);
			runOnlyForDeploymentPostprocessing = 0;
		};
/* End PBXFrameworksBuildPhase section */

/* Begin PBXGroup section */
		C29365E7236E8519006B3733 = {
			isa = PBXGroup;
			children = (
				C29365F2236E8519006B3733 /* PartC_SmartPointers */,
				C29365F1236E8519006B3733 /* Products */,
			);
			sourceTree = "<group>";
		};
		C29365F1236E8519006B3733 /* Products */ = {
			isa = PBXGroup;
			children = (
				C29365F0236E8519006B3733 /* PartC_SmartPointers */,
			);
			name = Products;
			sourceTree = "<group>";
		};
		C29365F2236E8519006B3733 /* PartC_SmartPointers */ = {
			isa = PBXGroup;
			children = (
				C29365F3236E8519006B3733 /* LinkedBagClient340.cpp */,
				C29365FA236E8566006B3733 /* Node.h */,
				C29365FB236E859E006B3733 /* Node.cpp */,
				C29365FE236E85BE006B3733 /* LinkedBag.h */,
				C29365FD236E85BE006B3733 /* LinkedBag.cpp */,
				C2936600236E8696006B3733 /* BagInterface.h */,
				C2936601236E86C3006B3733 /* Include.h */,
				C2936602236E86E7006B3733 /* LinkedBag340.cpp */,
			);
			path = PartC_SmartPointers;
			sourceTree = "<group>";
		};
/* End PBXGroup section */

/* Begin PBXNativeTarget section */
		C29365EF236E8519006B3733 /* PartC_SmartPointers */ = {
			isa = PBXNativeTarget;
			buildConfigurationList = C29365F7236E8519006B3733 /* Build configuration list for PBXNativeTarget "PartC_SmartPointers" */;
			buildPhases = (
				C29365EC236E8519006B3733 /* Sources */,
				C29365ED236E8519006B3733 /* Frameworks */,
				C29365EE236E8519006B3733 /* CopyFiles */,
			);
			buildRules = (
			);
			dependencies = (
			);
			name = PartC_SmartPointers;
			productName = PartC_SmartPointers;
			productReference = C29365F0236E8519006B3733 /* PartC_SmartPointers */;
			productType = "com.apple.product-type.tool";
		};
/* End PBXNativeTarget section */

/* Begin PBXProject section */
		C29365E8236E8519006B3733 /* Project object */ = {
			isa = PBXProject;
			attributes = {
				LastUpgradeCheck = 1030;
				ORGANIZATIONNAME = "Danish Siddiqui";
				TargetAttributes = {
					C29365EF236E8519006B3733 = {
						CreatedOnToolsVersion = 10.3;
					};
				};
			};
			buildConfigurationList = C29365EB236E8519006B3733 /* Build configuration list for PBXProject "PartC_SmartPointers" */;
			compatibilityVersion = "Xcode 9.3";
			developmentRegion = en;
			hasScannedForEncodings = 0;
			knownRegions = (
				en,
			);
			mainGroup = C29365E7236E8519006B3733;
			productRefGroup = C29365F1236E8519006B3733 /* Products */;
			projectDirPath = "";
			projectRoot = "";
			targets = (
				C29365EF236E8519006B3733 /* PartC_SmartPointers */,
			);
		};
/* End PBXProject section */

/* Begin PBXSourcesBuildPhase section */
		C29365EC236E8519006B3733 /* Sources */ = {
			isa = PBXSourcesBuildPhase;
			buildActionMask = 2147483647;
			files = (
				C29365F4236E8519006B3733 /* LinkedBagClient340.cpp in Sources */,
				C2936603236E86E7006B3733 /* LinkedBag340.cpp in Sources */,
				C29365FC236E859E006B3733 /* Node.cpp in Sources */,
				C29365FF236E85BE006B3733 /* LinkedBag.cpp in Sources */,
			);
			runOnlyForDeploymentPostprocessing = 0;
		};
/* End PBXSourcesBuildPhase section */

/* Begin XCBuildConfiguration section */
		C29365F5236E8519006B3733 /* Debug */ = {
			isa = XCBuildConfiguration;
			buildSettings = {
				ALWAYS_SEARCH_USER_PATHS = NO;
				CLANG_ANALYZER_NONNULL = YES;
				CLANG_ANALYZER_NUMBER_OBJECT_CONVERSION = YES_AGGRESSIVE;
				CLANG_CXX_LANGUAGE_STANDARD = "gnu++14";
				CLANG_CXX_LIBRARY = "libc++";
				CLANG_ENABLE_MODULES = YES;
				CLANG_ENABLE_OBJC_ARC = YES;
				CLANG_ENABLE_OBJC_WEAK = YES;
				CLANG_WARN_BLOCK_CAPTURE_AUTORELEASING = YES;
				CLANG_WARN_BOOL_CONVERSION = YES;
				CLANG_WARN_COMMA = YES;
				CLANG_WARN_CONSTANT_CONVERSION = YES;
				CLANG_WARN_DEPRECATED_OBJC_IMPLEMENTATIONS = YES;
				CLANG_WARN_DIRECT_OBJC_ISA_USAGE = YES_ERROR;
				CLANG_WARN_DOCUMENTATION_COMMENTS = YES;
				CLANG_WARN_EMPTY_BODY = YES;
				CLANG_WARN_ENUM_CONVERSION = YES;
				CLANG_WARN_INFINITE_RECURSION = YES;
				CLANG_WARN_INT_CONVERSION = YES;
				CLANG_WARN_NON_LITERAL_NULL_CONVERSION = YES;
				CLANG_WARN_OBJC_IMPLICIT_RETAIN_SELF = YES;
				CLANG_WARN_OBJC_LITERAL_CONVERSION = YES;
				CLANG_WARN_OBJC_ROOT_CLASS = YES_ERROR;
				CLANG_WARN_RANGE_LOOP_ANALYSIS = YES;
				CLANG_WARN_STRICT_PROTOTYPES = YES;
				CLANG_WARN_SUSPICIOUS_MOVE = YES;
				CLANG_WARN_UNGUARDED_AVAILABILITY = YES_AGGRESSIVE;
				CLANG_WARN_UNREACHABLE_CODE = YES;
				CLANG_WARN__DUPLICATE_METHOD_MATCH = YES;
				CODE_SIGN_IDENTITY = "-";
				COPY_PHASE_STRIP = NO;
				DEBUG_INFORMATION_FORMAT = dwarf;
				ENABLE_STRICT_OBJC_MSGSEND = YES;
				ENABLE_TESTABILITY = YES;
				GCC_C_LANGUAGE_STANDARD = gnu11;
				GCC_DYNAMIC_NO_PIC = NO;
				GCC_NO_COMMON_BLOCKS = YES;
				GCC_OPTIMIZATION_LEVEL = 0;
				GCC_PREPROCESSOR_DEFINITIONS = (
					"DEBUG=1",
					"$(inherited)",
				);
				GCC_WARN_64_TO_32_BIT_CONVERSION = YES;
				GCC_WARN_ABOUT_RETURN_TYPE = YES_ERROR;
				GCC_WARN_UNDECLARED_SELECTOR = YES;
				GCC_WARN_UNINITIALIZED_AUTOS = YES_AGGRESSIVE;
				GCC_WARN_UNUSED_FUNCTION = YES;
				GCC_WARN_UNUSED_VARIABLE = YES;
				MACOSX_DEPLOYMENT_TARGET = 10.14;
				MTL_ENABLE_DEBUG_INFO = INCLUDE_SOURCE;
				MTL_FAST_MATH = YES;
				ONLY_ACTIVE_ARCH = YES;
				SDKROOT = macosx;
			};
			name = Debug;
		};
		C29365F6236E8519006B3733 /* Release */ = {
			isa = XCBuildConfiguration;
			buildSettings = {
				ALWAYS_SEARCH_USER_PATHS = NO;
				CLANG_ANALYZER_NONNULL = YES;
				CLANG_ANALYZER_NUMBER_OBJECT_CONVERSION = YES_AGGRESSIVE;
				CLANG_CXX_LANGUAGE_STANDARD = "gnu++14";
				CLANG_CXX_LIBRARY = "libc++";
				CLANG_ENABLE_MODULES = YES;
				CLANG_ENABLE_OBJC_ARC = YES;
				CLANG_ENABLE_OBJC_WEAK = YES;
				CLANG_WARN_BLOCK_CAPTURE_AUTORELEASING = YES;
				CLANG_WARN_BOOL_CONVERSION = YES;
				CLANG_WARN_COMMA = YES;
				CLANG_WARN_CONSTANT_CONVERSION = YES;
				CLANG_WARN_DEPRECATED_OBJC_IMPLEMENTATIONS = YES;
				CLANG_WARN_DIRECT_OBJC_ISA_USAGE = YES_ERROR;
				CLANG_WARN_DOCUMENTATION_COMMENTS = YES;
				CLANG_WARN_EMPTY_BODY = YES;
				CLANG_WARN_ENUM_CONVERSION = YES;
				CLANG_WARN_INFINITE_RECURSION = YES;
				CLANG_WARN_INT_CONVERSION = YES;
				CLANG_WARN_NON_LITERAL_NULL_CONVERSION = YES;
				CLANG_WARN_OBJC_IMPLICIT_RETAIN_SELF = YES;
				CLANG_WARN_OBJC_LITERAL_CONVERSION = YES;
				CLANG_WARN_OBJC_ROOT_CLASS = YES_ERROR;
				CLANG_WARN_RANGE_LOOP_ANALYSIS = YES;
				CLANG_WARN_STRICT_PROTOTYPES = YES;
				CLANG_WARN_SUSPICIOUS_MOVE = YES;
				CLANG_WARN_UNGUARDED_AVAILABILITY = YES_AGGRESSIVE;
				CLANG_WARN_UNREACHABLE_CODE = YES;
				CLANG_WARN__DUPLICATE_METHOD_MATCH = YES;
				CODE_SIGN_IDENTITY = "-";
				COPY_PHASE_STRIP = NO;
				DEBUG_INFORMATION_FORMAT = "dwarf-with-dsym";
				ENABLE_NS_ASSERTIONS = NO;
				ENABLE_STRICT_OBJC_MSGSEND = YES;
				GCC_C_LANGUAGE_STANDARD = gnu11;
				GCC_NO_COMMON_BLOCKS = YES;
				GCC_WARN_64_TO_32_BIT_CONVERSION = YES;
				GCC_WARN_ABOUT_RETURN_TYPE = YES_ERROR;
				GCC_WARN_UNDECLARED_SELECTOR = YES;
				GCC_WARN_UNINITIALIZED_AUTOS = YES_AGGRESSIVE;
				GCC_WARN_UNUSED_FUNCTION = YES;
				GCC_WARN_UNUSED_VARIABLE = YES;
				MACOSX_DEPLOYMENT_TARGET = 10.14;
				MTL_ENABLE_DEBUG_INFO = NO;
				MTL_FAST_MATH = YES;
				SDKROOT = macosx;
			};
			name = Release;
		};
		C29365F8236E8519006B3733 /* Debug */ = {
			isa = XCBuildConfiguration;
			buildSettings = {
				CLANG_CXX_LANGUAGE_STANDARD = "c++17";
				CODE_SIGN_STYLE = Automatic;
				PRODUCT_NAME = "$(TARGET_NAME)";
			};
			name = Debug;
		};
		C29365F9236E8519006B3733 /* Release */ = {
			isa = XCBuildConfiguration;
			buildSettings = {
				CLANG_CXX_LANGUAGE_STANDARD = "c++17";
				CODE_SIGN_STYLE = Automatic;
				PRODUCT_NAME = "$(TARGET_NAME)";
			};
			name = Release;
		};
/* End XCBuildConfiguration section */

/* Begin XCConfigurationList section */
		C29365EB236E8519006B3733 /* Build configuration list for PBXProject "PartC_SmartPointers" */ = {
			isa = XCConfigurationList;
			buildConfigurations = (
				C29365F5236E8519006B3733 /* Debug */,
				C29365F6236E8519006B3733 /* Release */,
			);
			defaultConfigurationIsVisible = 0;
			defaultConfigurationName = Release;
		};
		C29365F7236E8519006B3733 /* Build configuration list for PBXNativeTarget "PartC_SmartPointers" */ = {
			isa = XCConfigurationList;
			buildConfigurations = (
				C29365F8236E8519006B3733 /* Debug */,
				C29365F9236E8519006B3733 /* Release */,
			);
			defaultConfigurationIsVisible = 0;
			defaultConfigurationName = Release;
		};
/* End XCConfigurationList section */
	};
	rootObject = C29365E8236E8519006B3733 /* Project object */;
}
